{
  "originHash" : "01ebc9976382c574e2f1ffeb261794cc2ca18cd44192f581e1d8fa845dbd5b9b",
  "pins" : [
    {
      "identity" : "zstd",
      "kind" : "remoteSourceControl",
      "location" : "https://github.com/facebook/zstd",
      "state" : {
        "revision" : "f8745da6ff1ad1e7bab384bd1f9d742439278e99",
        "version" : "1.5.7"
      }
    }
  ],
  "version" : 3
}
